{
  "name": "GameServer",
  "version": "1.0.0",
  "lockfileVersion": 1,
  "requires": true,
  "dependencies": {
    "gar": {
      "version": "1.0.4",
      "resolved": "https://registry.npmjs.org/gar/-/gar-1.0.4.tgz",
      "integrity": "sha512-w4n9cPWyP7aHxKxYHFQMegj7WIAsL/YX/C4Bs5Rr8s1H9M1rNtRWRsw+ovYMkXDQ5S4ZbYHsHAPmevPjPgw44w=="
    },
    "protocore": {
      "version": "1.2.2",
      "resolved": "https://registry.npmjs.org/protocore/-/protocore-1.2.2.tgz",
      "integrity": "sha512-y2/sZv5cCReoHFUc9+88JsvM4a3f/xRowRdxgtmULLwsPPIfPQzwlMGgZ14Z6HXbdxGQkAC/SKPZjsdMNDzzVQ=="
    }
  }
}
